
Microsoft Visual Studio Solution File, Format Version 12.00
# Visual Studio Version 17
VisualStudioVersion = 17.5.33414.496
MinimumVisualStudioVersion = 10.0.40219.1
Project("{FAE04EC0-301F-11D3-BF4B-00C04F79EFBC}") = "Substrate.DiscordBot", "Substrate.DiscordBot\Substrate.DiscordBot.csproj", "{2C4070ED-DB08-4592-B105-F299AD640D78}"
EndProject
Global
	GlobalSection(SolutionConfigurationPlatforms) = preSolution
		Debug|Any CPU = Debug|Any CPU
		Release|Any CPU = Release|Any CPU
	EndGlobalSection
	GlobalSection(ProjectConfigurationPlatforms) = postSolution
		{2C4070ED-DB08-4592-B105-F299AD640D78}.Debug|Any CPU.ActiveCfg = Debug|Any CPU
		{2C4070ED-DB08-4592-B105-F299AD640D78}.Debug|Any CPU.Build.0 = Debug|Any CPU
		{2C4070ED-DB08-4592-B105-F299AD640D78}.Release|Any CPU.ActiveCfg = Release|Any CPU
		{2C4070ED-DB08-4592-B105-F299AD640D78}.Release|Any CPU.Build.0 = Release|Any CPU
	EndGlobalSection
	GlobalSection(SolutionProperties) = preSolution
		HideSolutionNode = FALSE
	EndGlobalSection
	GlobalSection(ExtensibilityGlobals) = postSolution
		SolutionGuid = {02293953-5B85-4F9C-913A-CC0EB4E6454C}
	EndGlobalSection
EndGlobal
